// !$*UTF8*$!
{
	archiveVersion = 1;
	classes = {
	};
	objectVersion = 55;
	objects = {

/* Begin PBXBuildFile section */
		881871EC27B2668B0019DFCD /* FarmApp.swift in Sources */ = {isa = PBXBuildFile; fileRef = 881871EB27B2668B0019DFCD /* FarmApp.swift */; };
		881871EE27B2668B0019DFCD /* ContentView.swift in Sources */ = {isa = PBXBuildFile; fileRef = 881871ED27B2668B0019DFCD /* ContentView.swift */; };
		881871F027B2668F0019DFCD /* Assets.xcassets in Resources */ = {isa = PBXBuildFile; fileRef = 881871EF27B2668F0019DFCD /* Assets.xcassets */; };
		881871F327B2668F0019DFCD /* Preview Assets.xcassets in Resources */ = {isa = PBXBuildFile; fileRef = 881871F227B2668F0019DFCD /* Preview Assets.xcassets */; };
		881871FE27B268D10019DFCD /* Dogs in Frameworks */ = {isa = PBXBuildFile; productRef = 881871FD27B268D10019DFCD /* Dogs */; };
		8818721927B3DD1D0019DFCD /* CatsSDK in Frameworks */ = {isa = PBXBuildFile; productRef = 8818721827B3DD1D0019DFCD /* CatsSDK */; };
/* End PBXBuildFile section */

/* Begin PBXFileReference section */
		881871E827B2668B0019DFCD /* Farm.app */ = {isa = PBXFileReference; explicitFileType = wrapper.application; includeInIndex = 0; path = Farm.app; sourceTree = BUILT_PRODUCTS_DIR; };
		881871EB27B2668B0019DFCD /* FarmApp.swift */ = {isa = PBXFileReference; lastKnownFileType = sourcecode.swift; path = FarmApp.swift; sourceTree = "<group>"; };
		881871ED27B2668B0019DFCD /* ContentView.swift */ = {isa = PBXFileReference; lastKnownFileType = sourcecode.swift; path = ContentView.swift; sourceTree = "<group>"; };
		881871EF27B2668F0019DFCD /* Assets.xcassets */ = {isa = PBXFileReference; lastKnownFileType = folder.assetcatalog; path = Assets.xcassets; sourceTree = "<group>"; };
		881871F227B2668F0019DFCD /* Preview Assets.xcassets */ = {isa = PBXFileReference; lastKnownFileType = folder.assetcatalog; path = "Preview Assets.xcassets"; sourceTree = "<group>"; };
/* End PBXFileReference section */

/* Begin PBXFrameworksBuildPhase section */
		881871E527B2668B0019DFCD /* Frameworks */ = {
			isa = PBXFrameworksBuildPhase;
			buildActionMask = 2147483647;
			files = (
				8818721927B3DD1D0019DFCD /* CatsSDK in Frameworks */,
				881871FE27B268D10019DFCD /* Dogs in Frameworks */,
			);
			runOnlyForDeploymentPostprocessing = 0;
		};
/* End PBXFrameworksBuildPhase section */

/* Begin PBXGroup section */
		881871DF27B2668B0019DFCD = {
			isa = PBXGroup;
			children = (
				881871EA27B2668B0019DFCD /* Farm */,
				881871E927B2668B0019DFCD /* Products */,
			);
			sourceTree = "<group>";
		};
		881871E927B2668B0019DFCD /* Products */ = {
			isa = PBXGroup;
			children = (
				881871E827B2668B0019DFCD /* Farm.app */,
			);
			name = Products;
			sourceTree = "<group>";
		};
		881871EA27B2668B0019DFCD /* Farm */ = {
			isa = PBXGroup;
			children = (
				881871EB27B2668B0019DFCD /* FarmApp.swift */,
				881871ED27B2668B0019DFCD /* ContentView.swift */,
				881871EF27B2668F0019DFCD /* Assets.xcassets */,
				881871F127B2668F0019DFCD /* Preview Content */,
			);
			path = Farm;
			sourceTree = "<group>";
		};
		881871F127B2668F0019DFCD /* Preview Content */ = {
			isa = PBXGroup;
			children = (
				881871F227B2668F0019DFCD /* Preview Assets.xcassets */,
			);
			path = "Preview Content";
			sourceTree = "<group>";
		};
/* End PBXGroup section */

/* Begin PBXNativeTarget section */
		881871E727B2668B0019DFCD /* Farm */ = {
			isa = PBXNativeTarget;
			buildConfigurationList = 881871F627B2668F0019DFCD /* Build configuration list for PBXNativeTarget "Farm" */;
			buildPhases = (
				881871E427B2668B0019DFCD /* Sources */,
				881871E527B2668B0019DFCD /* Frameworks */,
				881871E627B2668B0019DFCD /* Resources */,
			);
			buildRules = (
			);
			dependencies = (
			);
			name = Farm;
			packageProductDependencies = (
				881871FD27B268D10019DFCD /* Dogs */,
				8818721827B3DD1D0019DFCD /* CatsSDK */,
			);
			productName = Farm;
			productReference = 881871E827B2668B0019DFCD /* Farm.app */;
			productType = "com.apple.product-type.application";
		};
/* End PBXNativeTarget section */

/* Begin PBXProject section */
		881871E027B2668B0019DFCD /* Project object */ = {
			isa = PBXProject;
			attributes = {
				BuildIndependentTargetsInParallel = 1;
				LastSwiftUpdateCheck = 1320;
				LastUpgradeCheck = 1320;
				TargetAttributes = {
					881871E727B2668B0019DFCD = {
						CreatedOnToolsVersion = 13.2.1;
					};
				};
			};
			buildConfigurationList = 881871E327B2668B0019DFCD /* Build configuration list for PBXProject "Farm" */;
			compatibilityVersion = "Xcode 13.0";
			developmentRegion = en;
			hasScannedForEncodings = 0;
			knownRegions = (
				en,
				Base,
			);
			mainGroup = 881871DF27B2668B0019DFCD;
			packageReferences = (
				881871FC27B268D10019DFCD /* XCRemoteSwiftPackageReference "Dogs" */,
				8818721727B3DD1D0019DFCD /* XCRemoteSwiftPackageReference "CatsSDK" */,
			);
			productRefGroup = 881871E927B2668B0019DFCD /* Products */;
			projectDirPath = "";
			projectRoot = "";
			targets = (
				881871E727B2668B0019DFCD /* Farm */,
			);
		};
/* End PBXProject section */

/* Begin PBXResourcesBuildPhase section */
		881871E627B2668B0019DFCD /* Resources */ = {
			isa = PBXResourcesBuildPhase;
			buildActionMask = 2147483647;
			files = (
				881871F327B2668F0019DFCD /* Preview Assets.xcassets in Resources */,
				881871F027B2668F0019DFCD /* Assets.xcassets in Resources */,
			);
			runOnlyForDeploymentPostprocessing = 0;
		};
/* End PBXResourcesBuildPhase section */

/* Begin PBXSourcesBuildPhase section */
		881871E427B2668B0019DFCD /* Sources */ = {
			isa = PBXSourcesBuildPhase;
			buildActionMask = 2147483647;
			files = (
				881871EE27B2668B0019DFCD /* ContentView.swift in Sources */,
				881871EC27B2668B0019DFCD /* FarmApp.swift in Sources */,
			);
			runOnlyForDeploymentPostprocessing = 0;
		};
/* End PBXSourcesBuildPhase section */

/* Begin XCBuildConfiguration section */
		881871F427B2668F0019DFCD /* Debug */ = {
			isa = XCBuildConfiguration;
			buildSettings = {
				ALWAYS_SEARCH_USER_PATHS = NO;
				CLANG_ANALYZER_NONNULL = YES;
				CLANG_ANALYZER_NUMBER_OBJECT_CONVERSION = YES_AGGRESSIVE;
				CLANG_CXX_LANGUAGE_STANDARD = "gnu++17";
				CLANG_CXX_LIBRARY = "libc++";
				CLANG_ENABLE_MODULES = YES;
				CLANG_ENABLE_OBJC_ARC = YES;
				CLANG_ENABLE_OBJC_WEAK = YES;
				CLANG_WARN_BLOCK_CAPTURE_AUTORELEASING = YES;
				CLANG_WARN_BOOL_CONVERSION = YES;
				CLANG_WARN_COMMA = YES;
				CLANG_WARN_CONSTANT_CONVERSION = YES;
				CLANG_WARN_DEPRECATED_OBJC_IMPLEMENTATIONS = YES;
				CLANG_WARN_DIRECT_OBJC_ISA_USAGE = YES_ERROR;
				CLANG_WARN_DOCUMENTATION_COMMENTS = YES;
				CLANG_WARN_EMPTY_BODY = YES;
				CLANG_WARN_ENUM_CONVERSION = YES;
				CLANG_WARN_INFINITE_RECURSION = YES;
				CLANG_WARN_INT_CONVERSION = YES;
				CLANG_WARN_NON_LITERAL_NULL_CONVERSION = YES;
				CLANG_WARN_OBJC_IMPLICIT_RETAIN_SELF = YES;
				CLANG_WARN_OBJC_LITERAL_CONVERSION = YES;
				CLANG_WARN_OBJC_ROOT_CLASS = YES_ERROR;
				CLANG_WARN_QUOTED_INCLUDE_IN_FRAMEWORK_HEADER = YES;
				CLANG_WARN_RANGE_LOOP_ANALYSIS = YES;
				CLANG_WARN_STRICT_PROTOTYPES = YES;
				CLANG_WARN_SUSPICIOUS_MOVE = YES;
				CLANG_WARN_UNGUARDED_AVAILABILITY = YES_AGGRESSIVE;
				CLANG_WARN_UNREACHABLE_CODE = YES;
				CLANG_WARN__DUPLICATE_METHOD_MATCH = YES;
				COPY_PHASE_STRIP = NO;
				DEBUG_INFORMATION_FORMAT = dwarf;
				ENABLE_STRICT_OBJC_MSGSEND = YES;
				ENABLE_TESTABILITY = YES;
				GCC_C_LANGUAGE_STANDARD = gnu11;
				GCC_DYNAMIC_NO_PIC = NO;
				GCC_NO_COMMON_BLOCKS = YES;
				GCC_OPTIMIZATION_LEVEL = 0;
				GCC_PREPROCESSOR_DEFINITIONS = (
					"DEBUG=1",
					"$(inherited)",
				);
				GCC_WARN_64_TO_32_BIT_CONVERSION = YES;
				GCC_WARN_ABOUT_RETURN_TYPE = YES_ERROR;
				GCC_WARN_UNDECLARED_SELECTOR = YES;
				GCC_WARN_UNINITIALIZED_AUTOS = YES_AGGRESSIVE;
				GCC_WARN_UNUSED_FUNCTION = YES;
				GCC_WARN_UNUSED_VARIABLE = YES;
				IPHONEOS_DEPLOYMENT_TARGET = 15.2;
				MTL_ENABLE_DEBUG_INFO = INCLUDE_SOURCE;
				MTL_FAST_MATH = YES;
				ONLY_ACTIVE_ARCH = YES;
				SDKROOT = iphoneos;
				SWIFT_ACTIVE_COMPILATION_CONDITIONS = DEBUG;
				SWIFT_OPTIMIZATION_LEVEL = "-Onone";
			};
			name = Debug;
		};
		881871F527B2668F0019DFCD /* Release */ = {
			isa = XCBuildConfiguration;
			buildSettings = {
				ALWAYS_SEARCH_USER_PATHS = NO;
				CLANG_ANALYZER_NONNULL = YES;
				CLANG_ANALYZER_NUMBER_OBJECT_CONVERSION = YES_AGGRESSIVE;
				CLANG_CXX_LANGUAGE_STANDARD = "gnu++17";
				CLANG_CXX_LIBRARY = "libc++";
				CLANG_ENABLE_MODULES = YES;
				CLANG_ENABLE_OBJC_ARC = YES;
				CLANG_ENABLE_OBJC_WEAK = YES;
				CLANG_WARN_BLOCK_CAPTURE_AUTORELEASING = YES;
				CLANG_WARN_BOOL_CONVERSION = YES;
				CLANG_WARN_COMMA = YES;
				CLANG_WARN_CONSTANT_CONVERSION = YES;
				CLANG_WARN_DEPRECATED_OBJC_IMPLEMENTATIONS = YES;
				CLANG_WARN_DIRECT_OBJC_ISA_USAGE = YES_ERROR;
				CLANG_WARN_DOCUMENTATION_COMMENTS = YES;
				CLANG_WARN_EMPTY_BODY = YES;
				CLANG_WARN_ENUM_CONVERSION = YES;
				CLANG_WARN_INFINITE_RECURSION = YES;
				CLANG_WARN_INT_CONVERSION = YES;
				CLANG_WARN_NON_LITERAL_NULL_CONVERSION = YES;
				CLANG_WARN_OBJC_IMPLICIT_RETAIN_SELF = YES;
				CLANG_WARN_OBJC_LITERAL_CONVERSION = YES;
				CLANG_WARN_OBJC_ROOT_CLASS = YES_ERROR;
				CLANG_WARN_QUOTED_INCLUDE_IN_FRAMEWORK_HEADER = YES;
				CLANG_WARN_RANGE_LOOP_ANALYSIS = YES;
				CLANG_WARN_STRICT_PROTOTYPES = YES;
				CLANG_WARN_SUSPICIOUS_MOVE = YES;
				CLANG_WARN_UNGUARDED_AVAILABILITY = YES_AGGRESSIVE;
				CLANG_WARN_UNREACHABLE_CODE = YES;
				CLANG_WARN__DUPLICATE_METHOD_MATCH = YES;
				COPY_PHASE_STRIP = NO;
				DEBUG_INFORMATION_FORMAT = "dwarf-with-dsym";
				ENABLE_NS_ASSERTIONS = NO;
				ENABLE_STRICT_OBJC_MSGSEND = YES;
				GCC_C_LANGUAGE_STANDARD = gnu11;
				GCC_NO_COMMON_BLOCKS = YES;
				GCC_WARN_64_TO_32_BIT_CONVERSION = YES;
				GCC_WARN_ABOUT_RETURN_TYPE = YES_ERROR;
				GCC_WARN_UNDECLARED_SELECTOR = YES;
				GCC_WARN_UNINITIALIZED_AUTOS = YES_AGGRESSIVE;
				GCC_WARN_UNUSED_FUNCTION = YES;
				GCC_WARN_UNUSED_VARIABLE = YES;
				IPHONEOS_DEPLOYMENT_TARGET = 15.2;
				MTL_ENABLE_DEBUG_INFO = NO;
				MTL_FAST_MATH = YES;
				SDKROOT = iphoneos;
				SWIFT_COMPILATION_MODE = wholemodule;
				SWIFT_OPTIMIZATION_LEVEL = "-O";
				VALIDATE_PRODUCT = YES;
			};
			name = Release;
		};
		881871F727B2668F0019DFCD /* Debug */ = {
			isa = XCBuildConfiguration;
			buildSettings = {
				ASSETCATALOG_COMPILER_APPICON_NAME = AppIcon;
				ASSETCATALOG_COMPILER_GLOBAL_ACCENT_COLOR_NAME = AccentColor;
				CODE_SIGN_STYLE = Automatic;
				CURRENT_PROJECT_VERSION = 1;
				DEVELOPMENT_ASSET_PATHS = "\"Farm/Preview Content\"";
				DEVELOPMENT_TEAM = 2U6BY5FFH9;
				ENABLE_PREVIEWS = YES;
				GENERATE_INFOPLIST_FILE = YES;
				INFOPLIST_KEY_UIApplicationSceneManifest_Generation = YES;
				INFOPLIST_KEY_UIApplicationSupportsIndirectInputEvents = YES;
				INFOPLIST_KEY_UILaunchScreen_Generation = YES;
				INFOPLIST_KEY_UISupportedInterfaceOrientations_iPad = "UIInterfaceOrientationPortrait UIInterfaceOrientationPortraitUpsideDown UIInterfaceOrientationLandscapeLeft UIInterfaceOrientationLandscapeRight";
				INFOPLIST_KEY_UISupportedInterfaceOrientations_iPhone = "UIInterfaceOrientationPortrait UIInterfaceOrientationLandscapeLeft UIInterfaceOrientationLandscapeRight";
				LD_RUNPATH_SEARCH_PATHS = (
					"$(inherited)",
					"@executable_path/Frameworks",
				);
				MARKETING_VERSION = 1.0;
				PRODUCT_BUNDLE_IDENTIFIER = com.miletli.farmFramework.Farm;
				PRODUCT_NAME = "$(TARGET_NAME)";
				SWIFT_EMIT_LOC_STRINGS = YES;
				SWIFT_VERSION = 5.0;
				TARGETED_DEVICE_FAMILY = "1,2";
			};
			name = Debug;
		};
		881871F827B2668F0019DFCD /* Release */ = {
			isa = XCBuildConfiguration;
			buildSettings = {
				ASSETCATALOG_COMPILER_APPICON_NAME = AppIcon;
				ASSETCATALOG_COMPILER_GLOBAL_ACCENT_COLOR_NAME = AccentColor;
				CODE_SIGN_STYLE = Automatic;
				CURRENT_PROJECT_VERSION = 1;
				DEVELOPMENT_ASSET_PATHS = "\"Farm/Preview Content\"";
				DEVELOPMENT_TEAM = 2U6BY5FFH9;
				ENABLE_PREVIEWS = YES;
				GENERATE_INFOPLIST_FILE = YES;
				INFOPLIST_KEY_UIApplicationSceneManifest_Generation = YES;
				INFOPLIST_KEY_UIApplicationSupportsIndirectInputEvents = YES;
				INFOPLIST_KEY_UILaunchScreen_Generation = YES;
				INFOPLIST_KEY_UISupportedInterfaceOrientations_iPad = "UIInterfaceOrientationPortrait UIInterfaceOrientationPortraitUpsideDown UIInterfaceOrientationLandscapeLeft UIInterfaceOrientationLandscapeRight";
				INFOPLIST_KEY_UISupportedInterfaceOrientations_iPhone = "UIInterfaceOrientationPortrait UIInterfaceOrientationLandscapeLeft UIInterfaceOrientationLandscapeRight";
				LD_RUNPATH_SEARCH_PATHS = (
					"$(inherited)",
					"@executable_path/Frameworks",
				);
				MARKETING_VERSION = 1.0;
				PRODUCT_BUNDLE_IDENTIFIER = com.miletli.farmFramework.Farm;
				PRODUCT_NAME = "$(TARGET_NAME)";
				SWIFT_EMIT_LOC_STRINGS = YES;
				SWIFT_VERSION = 5.0;
				TARGETED_DEVICE_FAMILY = "1,2";
			};
			name = Release;
		};
/* End XCBuildConfiguration section */

/* Begin XCConfigurationList section */
		881871E327B2668B0019DFCD /* Build configuration list for PBXProject "Farm" */ = {
			isa = XCConfigurationList;
			buildConfigurations = (
				881871F427B2668F0019DFCD /* Debug */,
				881871F527B2668F0019DFCD /* Release */,
			);
			defaultConfigurationIsVisible = 0;
			defaultConfigurationName = Release;
		};
		881871F627B2668F0019DFCD /* Build configuration list for PBXNativeTarget "Farm" */ = {
			isa = XCConfigurationList;
			buildConfigurations = (
				881871F727B2668F0019DFCD /* Debug */,
				881871F827B2668F0019DFCD /* Release */,
			);
			defaultConfigurationIsVisible = 0;
			defaultConfigurationName = Release;
		};
/* End XCConfigurationList section */

/* Begin XCRemoteSwiftPackageReference section */
		881871FC27B268D10019DFCD /* XCRemoteSwiftPackageReference "Dogs" */ = {
			isa = XCRemoteSwiftPackageReference;
			repositoryURL = "git@github.com:miletliyusuf/Dogs.git";
			requirement = {
				branch = main;
				kind = branch;
			};
		};
		8818721727B3DD1D0019DFCD /* XCRemoteSwiftPackageReference "CatsSDK" */ = {
			isa = XCRemoteSwiftPackageReference;
			repositoryURL = "https://github.com/miletliyusuf/CatsSDK";
			requirement = {
				branch = main;
				kind = branch;
			};
		};
/* End XCRemoteSwiftPackageReference section */

/* Begin XCSwiftPackageProductDependency section */
		881871FD27B268D10019DFCD /* Dogs */ = {
			isa = XCSwiftPackageProductDependency;
			package = 881871FC27B268D10019DFCD /* XCRemoteSwiftPackageReference "Dogs" */;
			productName = Dogs;
		};
		8818721827B3DD1D0019DFCD /* CatsSDK */ = {
			isa = XCSwiftPackageProductDependency;
			package = 8818721727B3DD1D0019DFCD /* XCRemoteSwiftPackageReference "CatsSDK" */;
			productName = CatsSDK;
		};
/* End XCSwiftPackageProductDependency section */
	};
	rootObject = 881871E027B2668B0019DFCD /* Project object */;
}
